
Microsoft Visual Studio Solution File, Format Version 12.00
# Visual Studio 11
Project("{FAE04EC0-301F-11D3-BF4B-00C04F79EFBC}") = "WiSSWizard", "WiSSWizard\WiSSWizard.csproj", "{FE5DDEF9-D723-4504-B3F0-819DD221D6E2}"
EndProject
Project("{FAE04EC0-301F-11D3-BF4B-00C04F79EFBC}") = "WiSSWizard Support", "WiSSWizard Support\WiSSWizard Support.csproj", "{2912EA0A-FCEA-40C6-89CD-071E43407A41}"
EndProject
Global
	GlobalSection(SolutionConfigurationPlatforms) = preSolution
		Debug|Any CPU = Debug|Any CPU
		Debug|Mixed Platforms = Debug|Mixed Platforms
		Debug|Win32 = Debug|Win32
		Debug|x86 = Debug|x86
		Release|Any CPU = Release|Any CPU
		Release|Mixed Platforms = Release|Mixed Platforms
		Release|Win32 = Release|Win32
		Release|x86 = Release|x86
	EndGlobalSection
	GlobalSection(ProjectConfigurationPlatforms) = postSolution
		{2912EA0A-FCEA-40C6-89CD-071E43407A41}.Debug|Any CPU.ActiveCfg = Debug|Any CPU
		{2912EA0A-FCEA-40C6-89CD-071E43407A41}.Debug|Any CPU.Build.0 = Debug|Any CPU
		{2912EA0A-FCEA-40C6-89CD-071E43407A41}.Debug|Mixed Platforms.ActiveCfg = Debug|Any CPU
		{2912EA0A-FCEA-40C6-89CD-071E43407A41}.Debug|Mixed Platforms.Build.0 = Debug|Any CPU
		{2912EA0A-FCEA-40C6-89CD-071E43407A41}.Debug|Win32.ActiveCfg = Debug|Any CPU
		{2912EA0A-FCEA-40C6-89CD-071E43407A41}.Debug|x86.ActiveCfg = Debug|Any CPU
		{2912EA0A-FCEA-40C6-89CD-071E43407A41}.Release|Any CPU.ActiveCfg = Release|Any CPU
		{2912EA0A-FCEA-40C6-89CD-071E43407A41}.Release|Any CPU.Build.0 = Release|Any CPU
		{2912EA0A-FCEA-40C6-89CD-071E43407A41}.Release|Mixed Platforms.ActiveCfg = Release|Any CPU
		{2912EA0A-FCEA-40C6-89CD-071E43407A41}.Release|Mixed Platforms.Build.0 = Release|Any CPU
		{2912EA0A-FCEA-40C6-89CD-071E43407A41}.Release|Win32.ActiveCfg = Release|Any CPU
		{2912EA0A-FCEA-40C6-89CD-071E43407A41}.Release|x86.ActiveCfg = Release|Any CPU
		{FE5DDEF9-D723-4504-B3F0-819DD221D6E2}.Debug|Any CPU.ActiveCfg = Debug|x86
		{FE5DDEF9-D723-4504-B3F0-819DD221D6E2}.Debug|Mixed Platforms.ActiveCfg = Debug|x86
		{FE5DDEF9-D723-4504-B3F0-819DD221D6E2}.Debug|Mixed Platforms.Build.0 = Debug|x86
		{FE5DDEF9-D723-4504-B3F0-819DD221D6E2}.Debug|Win32.ActiveCfg = Debug|x86
		{FE5DDEF9-D723-4504-B3F0-819DD221D6E2}.Debug|x86.ActiveCfg = Debug|x86
		{FE5DDEF9-D723-4504-B3F0-819DD221D6E2}.Debug|x86.Build.0 = Debug|x86
		{FE5DDEF9-D723-4504-B3F0-819DD221D6E2}.Release|Any CPU.ActiveCfg = Release|x86
		{FE5DDEF9-D723-4504-B3F0-819DD221D6E2}.Release|Mixed Platforms.ActiveCfg = Release|x86
		{FE5DDEF9-D723-4504-B3F0-819DD221D6E2}.Release|Mixed Platforms.Build.0 = Release|x86
		{FE5DDEF9-D723-4504-B3F0-819DD221D6E2}.Release|Win32.ActiveCfg = Release|x86
		{FE5DDEF9-D723-4504-B3F0-819DD221D6E2}.Release|x86.ActiveCfg = Release|x86
		{FE5DDEF9-D723-4504-B3F0-819DD221D6E2}.Release|x86.Build.0 = Release|x86
	EndGlobalSection
	GlobalSection(SolutionProperties) = preSolution
		HideSolutionNode = FALSE
	EndGlobalSection
EndGlobal
